
Microsoft Visual Studio Solution File, Format Version 12.00
# Visual Studio Version 16
VisualStudioVersion = 16.0.29123.88
MinimumVisualStudioVersion = 10.0.40219.1
Project("{FAE04EC0-301F-11D3-BF4B-00C04F79EFBC}") = "ConsoleApp1", "ConsoleApp1\ConsoleApp1.csproj", "{F3507771-C4E1-424E-BF33-0D344022842E}"
EndProject
Project("{FAE04EC0-301F-11D3-BF4B-00C04F79EFBC}") = "ClassLibrary1", "ClassLibrary1\ClassLibrary1.csproj", "{87D6B7ED-C5BB-49E5-AC76-45CB64A3BF59}"
EndProject
Global
	GlobalSection(SolutionConfigurationPlatforms) = preSolution
		Debug|Any CPU = Debug|Any CPU
		Release|Any CPU = Release|Any CPU
	EndGlobalSection
	GlobalSection(ProjectConfigurationPlatforms) = postSolution
		{F3507771-C4E1-424E-BF33-0D344022842E}.Debug|Any CPU.ActiveCfg = Debug|Any CPU
		{F3507771-C4E1-424E-BF33-0D344022842E}.Debug|Any CPU.Build.0 = Debug|Any CPU
		{F3507771-C4E1-424E-BF33-0D344022842E}.Release|Any CPU.ActiveCfg = Release|Any CPU
		{F3507771-C4E1-424E-BF33-0D344022842E}.Release|Any CPU.Build.0 = Release|Any CPU
		{87D6B7ED-C5BB-49E5-AC76-45CB64A3BF59}.Debug|Any CPU.ActiveCfg = Debug|Any CPU
		{87D6B7ED-C5BB-49E5-AC76-45CB64A3BF59}.Debug|Any CPU.Build.0 = Debug|Any CPU
		{87D6B7ED-C5BB-49E5-AC76-45CB64A3BF59}.Release|Any CPU.ActiveCfg = Release|Any CPU
		{87D6B7ED-C5BB-49E5-AC76-45CB64A3BF59}.Release|Any CPU.Build.0 = Release|Any CPU
	EndGlobalSection
	GlobalSection(SolutionProperties) = preSolution
		HideSolutionNode = FALSE
	EndGlobalSection
	GlobalSection(ExtensibilityGlobals) = postSolution
		SolutionGuid = {BD36EF78-9B5E-4489-B284-152D6A44F94A}
	EndGlobalSection
EndGlobal
